
Microsoft Visual Studio Solution File, Format Version 12.00
# Visual Studio Version 16
VisualStudioVersion = 16.0.30320.27
MinimumVisualStudioVersion = 10.0.40219.1
Project("{FAE04EC0-301F-11D3-BF4B-00C04F79EFBC}") = "ExpenseTracker.Web", "ExpenseTracker.Web\ExpenseTracker.Web.csproj", "{8C89B703-8BBC-45F9-8AAC-9995B6605F78}"
EndProject
Project("{2150E333-8FDC-42A3-9474-1A3956D46DE8}") = "UI", "UI", "{833B9F69-FAE8-44DB-A0ED-537BDF7F7DBE}"
EndProject
Project("{2150E333-8FDC-42A3-9474-1A3956D46DE8}") = "Domain", "Domain", "{984F3601-12D8-48EC-BBA9-90D128E812E8}"
EndProject
Project("{2150E333-8FDC-42A3-9474-1A3956D46DE8}") = "Application", "Application", "{C3E8C24C-F777-491B-86A4-FA67CA420999}"
EndProject
Project("{2150E333-8FDC-42A3-9474-1A3956D46DE8}") = "Infrastructure", "Infrastructure", "{0E168FD9-283B-440F-9096-52740F3DE798}"
EndProject
Project("{FAE04EC0-301F-11D3-BF4B-00C04F79EFBC}") = "ExpenseTracker.Application", "ExpenseTracker.Application\ExpenseTracker.Application.csproj", "{84DC4044-23D0-4093-9790-E60B42E10C6F}"
EndProject
Project("{FAE04EC0-301F-11D3-BF4B-00C04F79EFBC}") = "ExpenseTracker.Domain", "ExpenseTracker.Domain\ExpenseTracker.Domain.csproj", "{AEDFCC9E-E1D4-4771-9F0C-16B1FD9AAB42}"
EndProject
Project("{FAE04EC0-301F-11D3-BF4B-00C04F79EFBC}") = "ExpenseTracker.Infrastructure", "ExpenseTracker.Infrastructure\ExpenseTracker.Infrastructure.csproj", "{3897C5AC-4F20-4BB9-B7FC-028E99768C6D}"
EndProject
Global
	GlobalSection(SolutionConfigurationPlatforms) = preSolution
		Debug|Any CPU = Debug|Any CPU
		Release|Any CPU = Release|Any CPU
	EndGlobalSection
	GlobalSection(ProjectConfigurationPlatforms) = postSolution
		{8C89B703-8BBC-45F9-8AAC-9995B6605F78}.Debug|Any CPU.ActiveCfg = Debug|Any CPU
		{8C89B703-8BBC-45F9-8AAC-9995B6605F78}.Debug|Any CPU.Build.0 = Debug|Any CPU
		{8C89B703-8BBC-45F9-8AAC-9995B6605F78}.Release|Any CPU.ActiveCfg = Release|Any CPU
		{8C89B703-8BBC-45F9-8AAC-9995B6605F78}.Release|Any CPU.Build.0 = Release|Any CPU
		{84DC4044-23D0-4093-9790-E60B42E10C6F}.Debug|Any CPU.ActiveCfg = Debug|Any CPU
		{84DC4044-23D0-4093-9790-E60B42E10C6F}.Debug|Any CPU.Build.0 = Debug|Any CPU
		{84DC4044-23D0-4093-9790-E60B42E10C6F}.Release|Any CPU.ActiveCfg = Release|Any CPU
		{84DC4044-23D0-4093-9790-E60B42E10C6F}.Release|Any CPU.Build.0 = Release|Any CPU
		{AEDFCC9E-E1D4-4771-9F0C-16B1FD9AAB42}.Debug|Any CPU.ActiveCfg = Debug|Any CPU
		{AEDFCC9E-E1D4-4771-9F0C-16B1FD9AAB42}.Debug|Any CPU.Build.0 = Debug|Any CPU
		{AEDFCC9E-E1D4-4771-9F0C-16B1FD9AAB42}.Release|Any CPU.ActiveCfg = Release|Any CPU
		{AEDFCC9E-E1D4-4771-9F0C-16B1FD9AAB42}.Release|Any CPU.Build.0 = Release|Any CPU
		{3897C5AC-4F20-4BB9-B7FC-028E99768C6D}.Debug|Any CPU.ActiveCfg = Debug|Any CPU
		{3897C5AC-4F20-4BB9-B7FC-028E99768C6D}.Debug|Any CPU.Build.0 = Debug|Any CPU
		{3897C5AC-4F20-4BB9-B7FC-028E99768C6D}.Release|Any CPU.ActiveCfg = Release|Any CPU
		{3897C5AC-4F20-4BB9-B7FC-028E99768C6D}.Release|Any CPU.Build.0 = Release|Any CPU
	EndGlobalSection
	GlobalSection(SolutionProperties) = preSolution
		HideSolutionNode = FALSE
	EndGlobalSection
	GlobalSection(NestedProjects) = preSolution
		{8C89B703-8BBC-45F9-8AAC-9995B6605F78} = {833B9F69-FAE8-44DB-A0ED-537BDF7F7DBE}
		{84DC4044-23D0-4093-9790-E60B42E10C6F} = {C3E8C24C-F777-491B-86A4-FA67CA420999}
		{AEDFCC9E-E1D4-4771-9F0C-16B1FD9AAB42} = {984F3601-12D8-48EC-BBA9-90D128E812E8}
		{3897C5AC-4F20-4BB9-B7FC-028E99768C6D} = {0E168FD9-283B-440F-9096-52740F3DE798}
	EndGlobalSection
	GlobalSection(ExtensibilityGlobals) = postSolution
		SolutionGuid = {962780B2-F22F-4C3E-B181-978A7D3DC317}
	EndGlobalSection
EndGlobal
